
Microsoft Visual Studio Solution File, Format Version 12.00
# Visual Studio Version 17
VisualStudioVersion = 17.13.35818.85
MinimumVisualStudioVersion = 10.0.40219.1
Project("{FAE04EC0-301F-11D3-BF4B-00C04F79EFBC}") = "03.2_WebApplications", "03.2_WebApplications\03.2_WebApplications.csproj", "{0B8B6531-A07A-4241-A3BF-735C9C71FB82}"
EndProject
Project("{FAE04EC0-301F-11D3-BF4B-00C04F79EFBC}") = "03.1_WebServices", "03.1_WebServices\03.1_WebServices.csproj", "{AB2D2A1E-3A13-B141-C103-508C0D9F4DE9}"
EndProject
Project("{FAE04EC0-301F-11D3-BF4B-00C04F79EFBC}") = "02_Console", "02_Console\02_Console.csproj", "{C835F21D-4B0C-C27B-852C-5A25D762CF90}"
EndProject
Project("{FAE04EC0-301F-11D3-BF4B-00C04F79EFBC}") = "04.1_ConsoleTemplate", "04.1_ConsoleTemplate\04.1_ConsoleTemplate.csproj", "{A9678D5B-3E59-4DBE-BE3C-36F3CC0127F3}"
EndProject
Project("{FAE04EC0-301F-11D3-BF4B-00C04F79EFBC}") = "04.1b_ConsoleFindingFiles", "04.1b_ConsoleFindingFiles\04.1b_ConsoleFindingFiles.csproj", "{DEA98729-2ED3-4EFD-8DD6-A70D20BC00BC}"
EndProject
Project("{2150E333-8FDC-42A3-9474-1A3956D46DE8}") = "04 - File & Network IO", "04 - File & Network IO", "{02EA681E-C7D8-13C7-8484-4AC65E1B71E8}"
EndProject
Project("{2150E333-8FDC-42A3-9474-1A3956D46DE8}") = "03 - Web Services & Apps", "03 - Web Services & Apps", "{5015D80B-D8CA-4953-8EA2-9434C2C356E7}"
EndProject
Project("{2150E333-8FDC-42A3-9474-1A3956D46DE8}") = "02 - Console Apps", "02 - Console Apps", "{2CEAAC0A-C4D8-4E76-BC3D-0690F30666C0}"
EndProject
Project("{FAE04EC0-301F-11D3-BF4B-00C04F79EFBC}") = "04.1c_ConsoleFindingText", "04.1c_ConsoleFindingText\04.1c_ConsoleFindingText.csproj", "{DD3931D6-B867-468F-9ADF-44A5688A0DB0}"
EndProject
Project("{FAE04EC0-301F-11D3-BF4B-00C04F79EFBC}") = "04.2a_GetJokes", "04.2a_GetJokes\04.2a_GetJokes.csproj", "{A93C95A9-E3A8-45D4-AEF2-342EAA82D725}"
EndProject
Project("{FAE04EC0-301F-11D3-BF4B-00C04F79EFBC}") = "04.3a_Xkcd", "04.3a_Xkcd\04.3a_Xkcd.csproj", "{D47A7D08-BC50-45C7-A17F-A4DB9A1EB950}"
EndProject
Project("{2150E333-8FDC-42A3-9474-1A3956D46DE8}") = "05 - EF Core & DBs", "05 - EF Core & DBs", "{203AD166-228E-4157-A977-62CE9AD40BD4}"
EndProject
Project("{FAE04EC0-301F-11D3-BF4B-00C04F79EFBC}") = "05.2_ManningBooks", "05.2_ManningBooks\05.2_ManningBooks.csproj", "{78AAB411-C3FC-4E1C-BEC4-F0F7D1588080}"
EndProject
Project("{FAE04EC0-301F-11D3-BF4B-00C04F79EFBC}") = "05.3_ManningBooksAsync", "05.3_ManningBooksAsync\05.3_ManningBooksAsync.csproj", "{E66E98B6-FF53-6BDC-7AC1-CF107C0AD570}"
EndProject
Project("{FAE04EC0-301F-11D3-BF4B-00C04F79EFBC}") = "05.4_ManningBooksApi", "05.4_ManningBooksApi\05.4_ManningBooksApi.csproj", "{C289FADE-41CD-4EBA-6042-ED25CC6BFC03}"
EndProject
Project("{2150E333-8FDC-42A3-9474-1A3956D46DE8}") = "06 - Unit Testing Fundamentals", "06 - Unit Testing Fundamentals", "{A9316F83-1087-4485-9EAB-2CB84902CDC6}"
EndProject
Project("{FAE04EC0-301F-11D3-BF4B-00C04F79EFBC}") = "06.4a_SudokuSolver", "06.4a_SudokuSolver\06.4a_SudokuSolver.csproj", "{FCF0FFC6-14E9-AF20-F72B-DF7F07600A5B}"
EndProject
Project("{FAE04EC0-301F-11D3-BF4B-00C04F79EFBC}") = "06.4b_SudokuSolver.UnitTests", "06.4b_SudokuSolver.UnitTests\06.4b_SudokuSolver.UnitTests.csproj", "{D83675B6-CFC1-D311-C3A0-5BEEC6222E36}"
EndProject
Project("{2150E333-8FDC-42A3-9474-1A3956D46DE8}") = "07 - Substituting dependencies in tests", "07 - Substituting dependencies in tests", "{CF9B1615-CEF1-447E-B2ED-D8D3C4E5C565}"
EndProject
Project("{FAE04EC0-301F-11D3-BF4B-00C04F79EFBC}") = "07.1_TestsRelyingOnTime", "07.1_TestsRelyingOnTime\07.1_TestsRelyingOnTime.csproj", "{5116B895-B549-4A98-B023-3920CE637257}"
EndProject
Project("{FAE04EC0-301F-11D3-BF4B-00C04F79EFBC}") = "07.2_TestsRelyingOnStreams", "07.2_TestsRelyingOnStreams\07.2_TestsRelyingOnStreams.csproj", "{75DDB669-918D-48A7-8D45-7509FF3747C4}"
EndProject
Project("{FAE04EC0-301F-11D3-BF4B-00C04F79EFBC}") = "07.3_WritingLargeStrings", "07.3_WritingLargeStrings\07.3_WritingLargeStrings.csproj", "{1CA0C47C-D4F8-49B3-A498-1DEC74F08E01}"
EndProject
Project("{2150E333-8FDC-42A3-9474-1A3956D46DE8}") = "07.4 - Replacing dependencies with fakes", "07.4 - Replacing dependencies with fakes", "{E715141D-7EDF-46EB-8988-55AF32781C14}"
EndProject
Project("{2150E333-8FDC-42A3-9474-1A3956D46DE8}") = "Solution Items", "Solution Items", "{8EC462FD-D22E-90A8-E5CE-7E832BA40C5D}"
	ProjectSection(SolutionItems) = preProject
		README.md = README.md
	EndProjectSection
EndProject
Project("{FAE04EC0-301F-11D3-BF4B-00C04F79EFBC}") = "07.4_CustomerBatchImpoter", "07.4_CustomerBatchImpoter\07.4_CustomerBatchImpoter.csproj", "{3ACFFB29-C779-4566-8E3B-FFE952743426}"
EndProject
Project("{FAE04EC0-301F-11D3-BF4B-00C04F79EFBC}") = "07.4_CustomerBatchImporterTests", "07.4_CustomerBatchImporterTests\07.4_CustomerBatchImporterTests.csproj", "{8BB21943-749C-450F-9416-7A8891F672B3}"
EndProject
Global
	GlobalSection(SolutionConfigurationPlatforms) = preSolution
		Debug|Any CPU = Debug|Any CPU
		Release|Any CPU = Release|Any CPU
	EndGlobalSection
	GlobalSection(ProjectConfigurationPlatforms) = postSolution
		{0B8B6531-A07A-4241-A3BF-735C9C71FB82}.Debug|Any CPU.ActiveCfg = Debug|Any CPU
		{0B8B6531-A07A-4241-A3BF-735C9C71FB82}.Debug|Any CPU.Build.0 = Debug|Any CPU
		{0B8B6531-A07A-4241-A3BF-735C9C71FB82}.Release|Any CPU.ActiveCfg = Release|Any CPU
		{0B8B6531-A07A-4241-A3BF-735C9C71FB82}.Release|Any CPU.Build.0 = Release|Any CPU
		{AB2D2A1E-3A13-B141-C103-508C0D9F4DE9}.Debug|Any CPU.ActiveCfg = Debug|Any CPU
		{AB2D2A1E-3A13-B141-C103-508C0D9F4DE9}.Debug|Any CPU.Build.0 = Debug|Any CPU
		{AB2D2A1E-3A13-B141-C103-508C0D9F4DE9}.Release|Any CPU.ActiveCfg = Release|Any CPU
		{AB2D2A1E-3A13-B141-C103-508C0D9F4DE9}.Release|Any CPU.Build.0 = Release|Any CPU
		{C835F21D-4B0C-C27B-852C-5A25D762CF90}.Debug|Any CPU.ActiveCfg = Debug|Any CPU
		{C835F21D-4B0C-C27B-852C-5A25D762CF90}.Debug|Any CPU.Build.0 = Debug|Any CPU
		{C835F21D-4B0C-C27B-852C-5A25D762CF90}.Release|Any CPU.ActiveCfg = Release|Any CPU
		{C835F21D-4B0C-C27B-852C-5A25D762CF90}.Release|Any CPU.Build.0 = Release|Any CPU
		{A9678D5B-3E59-4DBE-BE3C-36F3CC0127F3}.Debug|Any CPU.ActiveCfg = Debug|Any CPU
		{A9678D5B-3E59-4DBE-BE3C-36F3CC0127F3}.Debug|Any CPU.Build.0 = Debug|Any CPU
		{A9678D5B-3E59-4DBE-BE3C-36F3CC0127F3}.Release|Any CPU.ActiveCfg = Release|Any CPU
		{A9678D5B-3E59-4DBE-BE3C-36F3CC0127F3}.Release|Any CPU.Build.0 = Release|Any CPU
		{DEA98729-2ED3-4EFD-8DD6-A70D20BC00BC}.Debug|Any CPU.ActiveCfg = Debug|Any CPU
		{DEA98729-2ED3-4EFD-8DD6-A70D20BC00BC}.Debug|Any CPU.Build.0 = Debug|Any CPU
		{DEA98729-2ED3-4EFD-8DD6-A70D20BC00BC}.Release|Any CPU.ActiveCfg = Release|Any CPU
		{DEA98729-2ED3-4EFD-8DD6-A70D20BC00BC}.Release|Any CPU.Build.0 = Release|Any CPU
		{DD3931D6-B867-468F-9ADF-44A5688A0DB0}.Debug|Any CPU.ActiveCfg = Debug|Any CPU
		{DD3931D6-B867-468F-9ADF-44A5688A0DB0}.Debug|Any CPU.Build.0 = Debug|Any CPU
		{DD3931D6-B867-468F-9ADF-44A5688A0DB0}.Release|Any CPU.ActiveCfg = Release|Any CPU
		{DD3931D6-B867-468F-9ADF-44A5688A0DB0}.Release|Any CPU.Build.0 = Release|Any CPU
		{A93C95A9-E3A8-45D4-AEF2-342EAA82D725}.Debug|Any CPU.ActiveCfg = Debug|Any CPU
		{A93C95A9-E3A8-45D4-AEF2-342EAA82D725}.Debug|Any CPU.Build.0 = Debug|Any CPU
		{A93C95A9-E3A8-45D4-AEF2-342EAA82D725}.Release|Any CPU.ActiveCfg = Release|Any CPU
		{A93C95A9-E3A8-45D4-AEF2-342EAA82D725}.Release|Any CPU.Build.0 = Release|Any CPU
		{D47A7D08-BC50-45C7-A17F-A4DB9A1EB950}.Debug|Any CPU.ActiveCfg = Debug|Any CPU
		{D47A7D08-BC50-45C7-A17F-A4DB9A1EB950}.Debug|Any CPU.Build.0 = Debug|Any CPU
		{D47A7D08-BC50-45C7-A17F-A4DB9A1EB950}.Release|Any CPU.ActiveCfg = Release|Any CPU
		{D47A7D08-BC50-45C7-A17F-A4DB9A1EB950}.Release|Any CPU.Build.0 = Release|Any CPU
		{78AAB411-C3FC-4E1C-BEC4-F0F7D1588080}.Debug|Any CPU.ActiveCfg = Debug|Any CPU
		{78AAB411-C3FC-4E1C-BEC4-F0F7D1588080}.Debug|Any CPU.Build.0 = Debug|Any CPU
		{78AAB411-C3FC-4E1C-BEC4-F0F7D1588080}.Release|Any CPU.ActiveCfg = Release|Any CPU
		{78AAB411-C3FC-4E1C-BEC4-F0F7D1588080}.Release|Any CPU.Build.0 = Release|Any CPU
		{E66E98B6-FF53-6BDC-7AC1-CF107C0AD570}.Debug|Any CPU.ActiveCfg = Debug|Any CPU
		{E66E98B6-FF53-6BDC-7AC1-CF107C0AD570}.Debug|Any CPU.Build.0 = Debug|Any CPU
		{E66E98B6-FF53-6BDC-7AC1-CF107C0AD570}.Release|Any CPU.ActiveCfg = Release|Any CPU
		{E66E98B6-FF53-6BDC-7AC1-CF107C0AD570}.Release|Any CPU.Build.0 = Release|Any CPU
		{C289FADE-41CD-4EBA-6042-ED25CC6BFC03}.Debug|Any CPU.ActiveCfg = Debug|Any CPU
		{C289FADE-41CD-4EBA-6042-ED25CC6BFC03}.Debug|Any CPU.Build.0 = Debug|Any CPU
		{C289FADE-41CD-4EBA-6042-ED25CC6BFC03}.Release|Any CPU.ActiveCfg = Release|Any CPU
		{C289FADE-41CD-4EBA-6042-ED25CC6BFC03}.Release|Any CPU.Build.0 = Release|Any CPU
		{FCF0FFC6-14E9-AF20-F72B-DF7F07600A5B}.Debug|Any CPU.ActiveCfg = Debug|Any CPU
		{FCF0FFC6-14E9-AF20-F72B-DF7F07600A5B}.Debug|Any CPU.Build.0 = Debug|Any CPU
		{FCF0FFC6-14E9-AF20-F72B-DF7F07600A5B}.Release|Any CPU.ActiveCfg = Release|Any CPU
		{FCF0FFC6-14E9-AF20-F72B-DF7F07600A5B}.Release|Any CPU.Build.0 = Release|Any CPU
		{D83675B6-CFC1-D311-C3A0-5BEEC6222E36}.Debug|Any CPU.ActiveCfg = Debug|Any CPU
		{D83675B6-CFC1-D311-C3A0-5BEEC6222E36}.Debug|Any CPU.Build.0 = Debug|Any CPU
		{D83675B6-CFC1-D311-C3A0-5BEEC6222E36}.Release|Any CPU.ActiveCfg = Release|Any CPU
		{D83675B6-CFC1-D311-C3A0-5BEEC6222E36}.Release|Any CPU.Build.0 = Release|Any CPU
		{5116B895-B549-4A98-B023-3920CE637257}.Debug|Any CPU.ActiveCfg = Debug|Any CPU
		{5116B895-B549-4A98-B023-3920CE637257}.Debug|Any CPU.Build.0 = Debug|Any CPU
		{5116B895-B549-4A98-B023-3920CE637257}.Release|Any CPU.ActiveCfg = Release|Any CPU
		{5116B895-B549-4A98-B023-3920CE637257}.Release|Any CPU.Build.0 = Release|Any CPU
		{75DDB669-918D-48A7-8D45-7509FF3747C4}.Debug|Any CPU.ActiveCfg = Debug|Any CPU
		{75DDB669-918D-48A7-8D45-7509FF3747C4}.Debug|Any CPU.Build.0 = Debug|Any CPU
		{75DDB669-918D-48A7-8D45-7509FF3747C4}.Release|Any CPU.ActiveCfg = Release|Any CPU
		{75DDB669-918D-48A7-8D45-7509FF3747C4}.Release|Any CPU.Build.0 = Release|Any CPU
		{1CA0C47C-D4F8-49B3-A498-1DEC74F08E01}.Debug|Any CPU.ActiveCfg = Debug|Any CPU
		{1CA0C47C-D4F8-49B3-A498-1DEC74F08E01}.Debug|Any CPU.Build.0 = Debug|Any CPU
		{1CA0C47C-D4F8-49B3-A498-1DEC74F08E01}.Release|Any CPU.ActiveCfg = Release|Any CPU
		{1CA0C47C-D4F8-49B3-A498-1DEC74F08E01}.Release|Any CPU.Build.0 = Release|Any CPU
		{3ACFFB29-C779-4566-8E3B-FFE952743426}.Debug|Any CPU.ActiveCfg = Debug|Any CPU
		{3ACFFB29-C779-4566-8E3B-FFE952743426}.Debug|Any CPU.Build.0 = Debug|Any CPU
		{3ACFFB29-C779-4566-8E3B-FFE952743426}.Release|Any CPU.ActiveCfg = Release|Any CPU
		{3ACFFB29-C779-4566-8E3B-FFE952743426}.Release|Any CPU.Build.0 = Release|Any CPU
		{8BB21943-749C-450F-9416-7A8891F672B3}.Debug|Any CPU.ActiveCfg = Debug|Any CPU
		{8BB21943-749C-450F-9416-7A8891F672B3}.Debug|Any CPU.Build.0 = Debug|Any CPU
		{8BB21943-749C-450F-9416-7A8891F672B3}.Release|Any CPU.ActiveCfg = Release|Any CPU
		{8BB21943-749C-450F-9416-7A8891F672B3}.Release|Any CPU.Build.0 = Release|Any CPU
	EndGlobalSection
	GlobalSection(SolutionProperties) = preSolution
		HideSolutionNode = FALSE
	EndGlobalSection
	GlobalSection(NestedProjects) = preSolution
		{0B8B6531-A07A-4241-A3BF-735C9C71FB82} = {5015D80B-D8CA-4953-8EA2-9434C2C356E7}
		{AB2D2A1E-3A13-B141-C103-508C0D9F4DE9} = {5015D80B-D8CA-4953-8EA2-9434C2C356E7}
		{C835F21D-4B0C-C27B-852C-5A25D762CF90} = {2CEAAC0A-C4D8-4E76-BC3D-0690F30666C0}
		{A9678D5B-3E59-4DBE-BE3C-36F3CC0127F3} = {02EA681E-C7D8-13C7-8484-4AC65E1B71E8}
		{DEA98729-2ED3-4EFD-8DD6-A70D20BC00BC} = {02EA681E-C7D8-13C7-8484-4AC65E1B71E8}
		{DD3931D6-B867-468F-9ADF-44A5688A0DB0} = {02EA681E-C7D8-13C7-8484-4AC65E1B71E8}
		{A93C95A9-E3A8-45D4-AEF2-342EAA82D725} = {02EA681E-C7D8-13C7-8484-4AC65E1B71E8}
		{D47A7D08-BC50-45C7-A17F-A4DB9A1EB950} = {02EA681E-C7D8-13C7-8484-4AC65E1B71E8}
		{78AAB411-C3FC-4E1C-BEC4-F0F7D1588080} = {203AD166-228E-4157-A977-62CE9AD40BD4}
		{E66E98B6-FF53-6BDC-7AC1-CF107C0AD570} = {203AD166-228E-4157-A977-62CE9AD40BD4}
		{C289FADE-41CD-4EBA-6042-ED25CC6BFC03} = {203AD166-228E-4157-A977-62CE9AD40BD4}
		{FCF0FFC6-14E9-AF20-F72B-DF7F07600A5B} = {A9316F83-1087-4485-9EAB-2CB84902CDC6}
		{D83675B6-CFC1-D311-C3A0-5BEEC6222E36} = {A9316F83-1087-4485-9EAB-2CB84902CDC6}
		{5116B895-B549-4A98-B023-3920CE637257} = {CF9B1615-CEF1-447E-B2ED-D8D3C4E5C565}
		{75DDB669-918D-48A7-8D45-7509FF3747C4} = {CF9B1615-CEF1-447E-B2ED-D8D3C4E5C565}
		{1CA0C47C-D4F8-49B3-A498-1DEC74F08E01} = {CF9B1615-CEF1-447E-B2ED-D8D3C4E5C565}
		{3ACFFB29-C779-4566-8E3B-FFE952743426} = {E715141D-7EDF-46EB-8988-55AF32781C14}
		{8BB21943-749C-450F-9416-7A8891F672B3} = {E715141D-7EDF-46EB-8988-55AF32781C14}
	EndGlobalSection
	GlobalSection(ExtensibilityGlobals) = postSolution
		SolutionGuid = {728CAD90-1977-41AA-9A5B-CD6DA85523FC}
	EndGlobalSection
EndGlobal
